
Microsoft Visual Studio Solution File, Format Version 12.00
# Visual Studio Version 17
VisualStudioVersion = 17.2.32630.192
MinimumVisualStudioVersion = 10.0.40219.1
Project("{FAE04EC0-301F-11D3-BF4B-00C04F79EFBC}") = "my", "my\my.csproj", "{FD8410A6-ED91-4FFF-9FEA-0058E57BECA3}"
EndProject
Global
	GlobalSection(SolutionConfigurationPlatforms) = preSolution
		Debug|Any CPU = Debug|Any CPU
		Release|Any CPU = Release|Any CPU
	EndGlobalSection
	GlobalSection(ProjectConfigurationPlatforms) = postSolution
		{FD8410A6-ED91-4FFF-9FEA-0058E57BECA3}.Debug|Any CPU.ActiveCfg = Debug|Any CPU
		{FD8410A6-ED91-4FFF-9FEA-0058E57BECA3}.Debug|Any CPU.Build.0 = Debug|Any CPU
		{FD8410A6-ED91-4FFF-9FEA-0058E57BECA3}.Release|Any CPU.ActiveCfg = Release|Any CPU
		{FD8410A6-ED91-4FFF-9FEA-0058E57BECA3}.Release|Any CPU.Build.0 = Release|Any CPU
	EndGlobalSection
	GlobalSection(SolutionProperties) = preSolution
		HideSolutionNode = FALSE
	EndGlobalSection
	GlobalSection(ExtensibilityGlobals) = postSolution
		SolutionGuid = {F369AD81-88D7-4749-9012-5CF2F6CA33B3}
	EndGlobalSection
EndGlobal
